
Microsoft Visual Studio Solution File, Format Version 12.00
# Visual Studio 15
VisualStudioVersion = 15.0.27703.2035
MinimumVisualStudioVersion = 10.0.40219.1
Project("{9A19103F-16F7-4668-BE54-9A1E7A4F7556}") = "paneleo.WebApi", "paneleo.WebApi\paneleo.WebApi.csproj", "{A2218851-30A9-429A-88FA-CD5F7BBD4C05}"
EndProject
Project("{9A19103F-16F7-4668-BE54-9A1E7A4F7556}") = "paneleo.BL", "paneleo.BL\paneleo.BL.csproj", "{D010EEC9-DA32-43A3-8C5E-16504A1F02B9}"
EndProject
Project("{9A19103F-16F7-4668-BE54-9A1E7A4F7556}") = "paneleo.Share", "paneleo.Share\paneleo.Share.csproj", "{C5E34FDE-BD82-4282-9035-C93A7FEE6940}"
EndProject
Project("{9A19103F-16F7-4668-BE54-9A1E7A4F7556}") = "paneleo.Data", "paneleo.Data\paneleo.Data.csproj", "{BB7A8C7A-A8A4-4804-A1F3-7B7FCA65EE78}"
EndProject
Global
	GlobalSection(SolutionConfigurationPlatforms) = preSolution
		Debug|Any CPU = Debug|Any CPU
		Release|Any CPU = Release|Any CPU
	EndGlobalSection
	GlobalSection(ProjectConfigurationPlatforms) = postSolution
		{A2218851-30A9-429A-88FA-CD5F7BBD4C05}.Debug|Any CPU.ActiveCfg = Debug|Any CPU
		{A2218851-30A9-429A-88FA-CD5F7BBD4C05}.Debug|Any CPU.Build.0 = Debug|Any CPU
		{A2218851-30A9-429A-88FA-CD5F7BBD4C05}.Release|Any CPU.ActiveCfg = Release|Any CPU
		{A2218851-30A9-429A-88FA-CD5F7BBD4C05}.Release|Any CPU.Build.0 = Release|Any CPU
		{D010EEC9-DA32-43A3-8C5E-16504A1F02B9}.Debug|Any CPU.ActiveCfg = Debug|Any CPU
		{D010EEC9-DA32-43A3-8C5E-16504A1F02B9}.Debug|Any CPU.Build.0 = Debug|Any CPU
		{D010EEC9-DA32-43A3-8C5E-16504A1F02B9}.Release|Any CPU.ActiveCfg = Release|Any CPU
		{D010EEC9-DA32-43A3-8C5E-16504A1F02B9}.Release|Any CPU.Build.0 = Release|Any CPU
		{C5E34FDE-BD82-4282-9035-C93A7FEE6940}.Debug|Any CPU.ActiveCfg = Debug|Any CPU
		{C5E34FDE-BD82-4282-9035-C93A7FEE6940}.Debug|Any CPU.Build.0 = Debug|Any CPU
		{C5E34FDE-BD82-4282-9035-C93A7FEE6940}.Release|Any CPU.ActiveCfg = Release|Any CPU
		{C5E34FDE-BD82-4282-9035-C93A7FEE6940}.Release|Any CPU.Build.0 = Release|Any CPU
		{BB7A8C7A-A8A4-4804-A1F3-7B7FCA65EE78}.Debug|Any CPU.ActiveCfg = Debug|Any CPU
		{BB7A8C7A-A8A4-4804-A1F3-7B7FCA65EE78}.Debug|Any CPU.Build.0 = Debug|Any CPU
		{BB7A8C7A-A8A4-4804-A1F3-7B7FCA65EE78}.Release|Any CPU.ActiveCfg = Release|Any CPU
		{BB7A8C7A-A8A4-4804-A1F3-7B7FCA65EE78}.Release|Any CPU.Build.0 = Release|Any CPU
	EndGlobalSection
	GlobalSection(SolutionProperties) = preSolution
		HideSolutionNode = FALSE
	EndGlobalSection
	GlobalSection(ExtensibilityGlobals) = postSolution
		SolutionGuid = {C22B7C07-25B2-4226-9C76-C88B8468B3E9}
	EndGlobalSection
EndGlobal
